
Microsoft Visual Studio Solution File, Format Version 12.00
# Visual Studio Version 17
VisualStudioVersion = 17.4.33213.308
MinimumVisualStudioVersion = 10.0.40219.1
Project("{FAE04EC0-301F-11D3-BF4B-00C04F79EFBC}") = "running-bunny", "running-bunny\running-bunny.csproj", "{FF3A5E50-C681-44F5-9E13-22E60F6DA469}"
EndProject
Global
	GlobalSection(SolutionConfigurationPlatforms) = preSolution
		Debug|Any CPU = Debug|Any CPU
		Release|Any CPU = Release|Any CPU
	EndGlobalSection
	GlobalSection(ProjectConfigurationPlatforms) = postSolution
		{FF3A5E50-C681-44F5-9E13-22E60F6DA469}.Debug|Any CPU.ActiveCfg = Debug|Any CPU
		{FF3A5E50-C681-44F5-9E13-22E60F6DA469}.Debug|Any CPU.Build.0 = Debug|Any CPU
		{FF3A5E50-C681-44F5-9E13-22E60F6DA469}.Release|Any CPU.ActiveCfg = Release|Any CPU
		{FF3A5E50-C681-44F5-9E13-22E60F6DA469}.Release|Any CPU.Build.0 = Release|Any CPU
	EndGlobalSection
	GlobalSection(SolutionProperties) = preSolution
		HideSolutionNode = FALSE
	EndGlobalSection
	GlobalSection(ExtensibilityGlobals) = postSolution
		SolutionGuid = {E68735B7-EDF2-4405-A9A2-A488291317B3}
	EndGlobalSection
EndGlobal
